
Microsoft Visual Studio Solution File, Format Version 12.00
# Visual Studio Version 17
VisualStudioVersion = 17.10.35122.118
MinimumVisualStudioVersion = 10.0.40219.1
Project("{9A19103F-16F7-4668-BE54-9A1E7A4F7556}") = "CalculatorBusiness", "Calculadora\CalculatorBusiness.csproj", "{668E5A4A-F185-4A74-A5C7-195062404798}"
EndProject
Project("{FAE04EC0-301F-11D3-BF4B-00C04F79EFBC}") = "SimpleWebCalculator", "SimpleWebCalculator\SimpleWebCalculator.csproj", "{8BBF08F9-2EDE-454B-B855-4E622DA4997A}"
EndProject
Global
	GlobalSection(SolutionConfigurationPlatforms) = preSolution
		Debug|Any CPU = Debug|Any CPU
		Release|Any CPU = Release|Any CPU
	EndGlobalSection
	GlobalSection(ProjectConfigurationPlatforms) = postSolution
		{668E5A4A-F185-4A74-A5C7-195062404798}.Debug|Any CPU.ActiveCfg = Debug|Any CPU
		{668E5A4A-F185-4A74-A5C7-195062404798}.Debug|Any CPU.Build.0 = Debug|Any CPU
		{668E5A4A-F185-4A74-A5C7-195062404798}.Release|Any CPU.ActiveCfg = Release|Any CPU
		{668E5A4A-F185-4A74-A5C7-195062404798}.Release|Any CPU.Build.0 = Release|Any CPU
		{8BBF08F9-2EDE-454B-B855-4E622DA4997A}.Debug|Any CPU.ActiveCfg = Debug|Any CPU
		{8BBF08F9-2EDE-454B-B855-4E622DA4997A}.Debug|Any CPU.Build.0 = Debug|Any CPU
		{8BBF08F9-2EDE-454B-B855-4E622DA4997A}.Release|Any CPU.ActiveCfg = Release|Any CPU
		{8BBF08F9-2EDE-454B-B855-4E622DA4997A}.Release|Any CPU.Build.0 = Release|Any CPU
	EndGlobalSection
	GlobalSection(SolutionProperties) = preSolution
		HideSolutionNode = FALSE
	EndGlobalSection
	GlobalSection(ExtensibilityGlobals) = postSolution
		SolutionGuid = {BE624A86-00DA-4716-8411-DBD810AAC7C8}
	EndGlobalSection
EndGlobal
